{
  "name": "execa",
  "lockfileVersion": 2,
  "requires": true,
  "packages": {
    "": {
      "name": "execa",
      "dependencies": {
        "execa": "^8.0.1"
      }
    },
    "node_modules/cross-spawn": {
      "version": "7.0.3",
      "resolved": "http://registry.m.jd.com/cross-spawn/download/cross-spawn-7.0.3.tgz",
      "integrity": "sha1-9zqFudXUHQRVUcF34ogtSshXKKY=",
      "dependencies": {
        "path-key": "^3.1.0",
        "shebang-command": "^2.0.0",
        "which": "^2.0.1"
      },
      "engines": {
        "node": ">= 8"
      }
    },
    "node_modules/execa": {
      "version": "8.0.1",
      "resolved": "http://registry.m.jd.com/execa/download/execa-8.0.1.tgz",
      "integrity": "sha1-UfallDtYD5Y8PKnGMheW24zDm4w=",
      "dependencies": {
        "cross-spawn": "^7.0.3",
        "get-stream": "^8.0.1",
        "human-signals": "^5.0.0",
        "is-stream": "^3.0.0",
        "merge-stream": "^2.0.0",
        "npm-run-path": "^5.1.0",
        "onetime": "^6.0.0",
        "signal-exit": "^4.1.0",
        "strip-final-newline": "^3.0.0"
      },
      "engines": {
        "node": ">=16.17"
      }
    },
    "node_modules/get-stream": {
      "version": "8.0.1",
      "resolved": "http://registry.m.jd.com/get-stream/download/get-stream-8.0.1.tgz",
      "integrity": "sha1-3vnf1xdCzXdUp3Ye1DdJon0C7KI=",
      "engines": {
        "node": ">=16"
      }
    },
    "node_modules/human-signals": {
      "version": "5.0.0",
      "resolved": "http://registry.m.jd.com/human-signals/download/human-signals-5.0.0.tgz",
      "integrity": "sha1-QmZaKE+a4NreO6QevDfrS4UvOig=",
      "engines": {
        "node": ">=16.17.0"
      }
    },
    "node_modules/is-stream": {
      "version": "3.0.0",
      "resolved": "http://registry.m.jd.com/is-stream/download/is-stream-3.0.0.tgz",
      "integrity": "sha1-5r/XqmvvafT0cs6btoHj5XtDGaw=",
      "engines": {
        "node": "^12.20.0 || ^14.13.1 || >=16.0.0"
      }
    },
    "node_modules/isexe": {
      "version": "2.0.0",
      "resolved": "http://registry.m.jd.com/isexe/download/isexe-2.0.0.tgz",
      "integrity": "sha1-6PvzdNxVb/iUehDcsFctYz8s+hA="
    },
    "node_modules/merge-stream": {
      "version": "2.0.0",
      "resolved": "http://registry.m.jd.com/merge-stream/download/merge-stream-2.0.0.tgz",
      "integrity": "sha1-UoI2KaFN0AyXcPtq1H3GMQ8sH2A="
    },
    "node_modules/mimic-fn": {
      "version": "4.0.0",
      "resolved": "http://registry.m.jd.com/mimic-fn/download/mimic-fn-4.0.0.tgz",
      "integrity": "sha1-YKkFUNXLCyOcymXYk7GlOymHHsw=",
      "engines": {
        "node": ">=12"
      }
    },
    "node_modules/npm-run-path": {
      "version": "5.3.0",
      "resolved": "http://registry.m.jd.com/npm-run-path/download/npm-run-path-5.3.0.tgz",
      "integrity": "sha1-4jNT0Ou5MX8XTpNBfkpNgtAknp8=",
      "dependencies": {
        "path-key": "^4.0.0"
      },
      "engines": {
        "node": "^12.20.0 || ^14.13.1 || >=16.0.0"
      }
    },
    "node_modules/npm-run-path/node_modules/path-key": {
      "version": "4.0.0",
      "resolved": "http://registry.m.jd.com/path-key/download/path-key-4.0.0.tgz",
      "integrity": "sha1-KVWI3DruZBVPh3rbnXgLgcVUvxg=",
      "engines": {
        "node": ">=12"
      }
    },
    "node_modules/onetime": {
      "version": "6.0.0",
      "resolved": "http://registry.m.jd.com/onetime/download/onetime-6.0.0.tgz",
      "integrity": "sha1-fCTBjtH9LpvKS9JoBqM2E8d9NLQ=",
      "dependencies": {
        "mimic-fn": "^4.0.0"
      },
      "engines": {
        "node": ">=12"
      }
    },
    "node_modules/path-key": {
      "version": "3.1.1",
      "resolved": "http://registry.m.jd.com/path-key/download/path-key-3.1.1.tgz",
      "integrity": "sha1-WB9q3mWMu6ZaDTOA3ndTKVBU83U=",
      "engines": {
        "node": ">=8"
      }
    },
    "node_modules/shebang-command": {
      "version": "2.0.0",
      "resolved": "http://registry.m.jd.com/shebang-command/download/shebang-command-2.0.0.tgz",
      "integrity": "sha1-zNCvT4g1+9wmW4JGGq8MNmY/NOo=",
      "dependencies": {
        "shebang-regex": "^3.0.0"
      },
      "engines": {
        "node": ">=8"
      }
    },
    "node_modules/shebang-regex": {
      "version": "3.0.0",
      "resolved": "http://registry.m.jd.com/shebang-regex/download/shebang-regex-3.0.0.tgz",
      "integrity": "sha1-rhbxZE2HPsrYQ7AwexQzYtTEIXI=",
      "engines": {
        "node": ">=8"
      }
    },
    "node_modules/signal-exit": {
      "version": "4.1.0",
      "resolved": "http://registry.m.jd.com/signal-exit/download/signal-exit-4.1.0.tgz",
      "integrity": "sha1-lSGIwcvVRgcOLdIND0HArgUwywQ=",
      "engines": {
        "node": ">=14"
      }
    },
    "node_modules/strip-final-newline": {
      "version": "3.0.0",
      "resolved": "http://registry.m.jd.com/strip-final-newline/download/strip-final-newline-3.0.0.tgz",
      "integrity": "sha1-UolMMT+/8xiDUoCu1g/3Hr8SuP0=",
      "engines": {
        "node": ">=12"
      }
    },
    "node_modules/which": {
      "version": "2.0.2",
      "resolved": "http://registry.m.jd.com/which/download/which-2.0.2.tgz",
      "integrity": "sha1-fGqN0KY2oDJ+ELWckobu6T8/UbE=",
      "dependencies": {
        "isexe": "^2.0.0"
      },
      "bin": {
        "node-which": "bin/node-which"
      },
      "engines": {
        "node": ">= 8"
      }
    }
  },
  "dependencies": {
    "cross-spawn": {
      "version": "7.0.3",
      "resolved": "http://registry.m.jd.com/cross-spawn/download/cross-spawn-7.0.3.tgz",
      "integrity": "sha1-9zqFudXUHQRVUcF34ogtSshXKKY=",
      "requires": {
        "path-key": "^3.1.0",
        "shebang-command": "^2.0.0",
        "which": "^2.0.1"
      }
    },
    "execa": {
      "version": "8.0.1",
      "resolved": "http://registry.m.jd.com/execa/download/execa-8.0.1.tgz",
      "integrity": "sha1-UfallDtYD5Y8PKnGMheW24zDm4w=",
      "requires": {
        "cross-spawn": "^7.0.3",
        "get-stream": "^8.0.1",
        "human-signals": "^5.0.0",
        "is-stream": "^3.0.0",
        "merge-stream": "^2.0.0",
        "npm-run-path": "^5.1.0",
        "onetime": "^6.0.0",
        "signal-exit": "^4.1.0",
        "strip-final-newline": "^3.0.0"
      }
    },
    "get-stream": {
      "version": "8.0.1",
      "resolved": "http://registry.m.jd.com/get-stream/download/get-stream-8.0.1.tgz",
      "integrity": "sha1-3vnf1xdCzXdUp3Ye1DdJon0C7KI="
    },
    "human-signals": {
      "version": "5.0.0",
      "resolved": "http://registry.m.jd.com/human-signals/download/human-signals-5.0.0.tgz",
      "integrity": "sha1-QmZaKE+a4NreO6QevDfrS4UvOig="
    },
    "is-stream": {
      "version": "3.0.0",
      "resolved": "http://registry.m.jd.com/is-stream/download/is-stream-3.0.0.tgz",
      "integrity": "sha1-5r/XqmvvafT0cs6btoHj5XtDGaw="
    },
    "isexe": {
      "version": "2.0.0",
      "resolved": "http://registry.m.jd.com/isexe/download/isexe-2.0.0.tgz",
      "integrity": "sha1-6PvzdNxVb/iUehDcsFctYz8s+hA="
    },
    "merge-stream": {
      "version": "2.0.0",
      "resolved": "http://registry.m.jd.com/merge-stream/download/merge-stream-2.0.0.tgz",
      "integrity": "sha1-UoI2KaFN0AyXcPtq1H3GMQ8sH2A="
    },
    "mimic-fn": {
      "version": "4.0.0",
      "resolved": "http://registry.m.jd.com/mimic-fn/download/mimic-fn-4.0.0.tgz",
      "integrity": "sha1-YKkFUNXLCyOcymXYk7GlOymHHsw="
    },
    "npm-run-path": {
      "version": "5.3.0",
      "resolved": "http://registry.m.jd.com/npm-run-path/download/npm-run-path-5.3.0.tgz",
      "integrity": "sha1-4jNT0Ou5MX8XTpNBfkpNgtAknp8=",
      "requires": {
        "path-key": "^4.0.0"
      },
      "dependencies": {
        "path-key": {
          "version": "4.0.0",
          "resolved": "http://registry.m.jd.com/path-key/download/path-key-4.0.0.tgz",
          "integrity": "sha1-KVWI3DruZBVPh3rbnXgLgcVUvxg="
        }
      }
    },
    "onetime": {
      "version": "6.0.0",
      "resolved": "http://registry.m.jd.com/onetime/download/onetime-6.0.0.tgz",
      "integrity": "sha1-fCTBjtH9LpvKS9JoBqM2E8d9NLQ=",
      "requires": {
        "mimic-fn": "^4.0.0"
      }
    },
    "path-key": {
      "version": "3.1.1",
      "resolved": "http://registry.m.jd.com/path-key/download/path-key-3.1.1.tgz",
      "integrity": "sha1-WB9q3mWMu6ZaDTOA3ndTKVBU83U="
    },
    "shebang-command": {
      "version": "2.0.0",
      "resolved": "http://registry.m.jd.com/shebang-command/download/shebang-command-2.0.0.tgz",
      "integrity": "sha1-zNCvT4g1+9wmW4JGGq8MNmY/NOo=",
      "requires": {
        "shebang-regex": "^3.0.0"
      }
    },
    "shebang-regex": {
      "version": "3.0.0",
      "resolved": "http://registry.m.jd.com/shebang-regex/download/shebang-regex-3.0.0.tgz",
      "integrity": "sha1-rhbxZE2HPsrYQ7AwexQzYtTEIXI="
    },
    "signal-exit": {
      "version": "4.1.0",
      "resolved": "http://registry.m.jd.com/signal-exit/download/signal-exit-4.1.0.tgz",
      "integrity": "sha1-lSGIwcvVRgcOLdIND0HArgUwywQ="
    },
    "strip-final-newline": {
      "version": "3.0.0",
      "resolved": "http://registry.m.jd.com/strip-final-newline/download/strip-final-newline-3.0.0.tgz",
      "integrity": "sha1-UolMMT+/8xiDUoCu1g/3Hr8SuP0="
    },
    "which": {
      "version": "2.0.2",
      "resolved": "http://registry.m.jd.com/which/download/which-2.0.2.tgz",
      "integrity": "sha1-fGqN0KY2oDJ+ELWckobu6T8/UbE=",
      "requires": {
        "isexe": "^2.0.0"
      }
    }
  }
}
