{
  "name": "command",
  "lockfileVersion": 2,
  "requires": true,
  "packages": {
    "": {
      "name": "command",
      "dependencies": {
        "commander": "7.1.0"
      }
    },
    "node_modules/commander": {
      "version": "7.1.0",
      "resolved": "http://registry.m.jd.com/commander/download/commander-7.1.0.tgz",
      "integrity": "sha1-8urs8THxDjbgfYlGmCJuNq4Otf8=",
      "engines": {
        "node": ">= 10"
      }
    }
  },
  "dependencies": {
    "commander": {
      "version": "7.1.0",
      "resolved": "http://registry.m.jd.com/commander/download/commander-7.1.0.tgz",
      "integrity": "sha1-8urs8THxDjbgfYlGmCJuNq4Otf8="
    }
  }
}
