{
  "name": "minimist",
  "lockfileVersion": 2,
  "requires": true,
  "packages": {
    "": {
      "name": "minimist",
      "dependencies": {
        "minimist": "^1.2.8"
      }
    },
    "node_modules/minimist": {
      "version": "1.2.8",
      "resolved": "http://registry.m.jd.com/minimist/download/minimist-1.2.8.tgz",
      "integrity": "sha1-waRk52kzAuCCoHXO4MBXdBrEdyw="
    }
  },
  "dependencies": {
    "minimist": {
      "version": "1.2.8",
      "resolved": "http://registry.m.jd.com/minimist/download/minimist-1.2.8.tgz",
      "integrity": "sha1-waRk52kzAuCCoHXO4MBXdBrEdyw="
    }
  }
}
